// !$*UTF8*$!
{
	archiveVersion = 1;
	classes = {
	};
	objectVersion = 46;
	objects = {

/* Begin PBXBuildFile section */
		C6F693CE1BC4CBC500D73D12 /* main.m in Sources */ = {isa = PBXBuildFile; fileRef = C6F693CD1BC4CBC500D73D12 /* main.m */; };
		C6F693D11BC4CBC500D73D12 /* AppDelegate.m in Sources */ = {isa = PBXBuildFile; fileRef = C6F693D01BC4CBC500D73D12 /* AppDelegate.m */; };
		C6F693D71BC4CBC500D73D12 /* Main.storyboard in Resources */ = {isa = PBXBuildFile; fileRef = C6F693D51BC4CBC500D73D12 /* Main.storyboard */; };
		C6F693D91BC4CBC500D73D12 /* Assets.xcassets in Resources */ = {isa = PBXBuildFile; fileRef = C6F693D81BC4CBC500D73D12 /* Assets.xcassets */; };
		C6F693DC1BC4CBC500D73D12 /* LaunchScreen.storyboard in Resources */ = {isa = PBXBuildFile; fileRef = C6F693DA1BC4CBC500D73D12 /* LaunchScreen.storyboard */; };
		C6F693E51BC4CC4500D73D12 /* ZHTouchViewController.m in Sources */ = {isa = PBXBuildFile; fileRef = C6F693E41BC4CC4500D73D12 /* ZHTouchViewController.m */; };
		C6F693E81BC4CC5400D73D12 /* ZHMotionViewController.m in Sources */ = {isa = PBXBuildFile; fileRef = C6F693E71BC4CC5400D73D12 /* ZHMotionViewController.m */; };
		C6F693F01BC4CDA100D73D12 /* SKScene+Unarchive.m in Sources */ = {isa = PBXBuildFile; fileRef = C6F693EF1BC4CDA100D73D12 /* SKScene+Unarchive.m */; };
		C6F693FD1BC4CE9600D73D12 /* ZHTouchScene.m in Sources */ = {isa = PBXBuildFile; fileRef = C6F693F81BC4CE9600D73D12 /* ZHTouchScene.m */; };
		C6F693FE1BC4CE9600D73D12 /* ZHTouchScene.sks in Resources */ = {isa = PBXBuildFile; fileRef = C6F693F91BC4CE9600D73D12 /* ZHTouchScene.sks */; };
		C6F693FF1BC4CE9600D73D12 /* ZHSparkEmitter.sks in Resources */ = {isa = PBXBuildFile; fileRef = C6F693FA1BC4CE9600D73D12 /* ZHSparkEmitter.sks */; };
		C6F694001BC4CE9600D73D12 /* spark.png in Resources */ = {isa = PBXBuildFile; fileRef = C6F693FB1BC4CE9600D73D12 /* spark.png */; };
		C6F694011BC4CE9600D73D12 /* ZHTrailEmitter.sks in Resources */ = {isa = PBXBuildFile; fileRef = C6F693FC1BC4CE9600D73D12 /* ZHTrailEmitter.sks */; };
		C6F694051BC4CF2D00D73D12 /* ZHUtilities.m in Sources */ = {isa = PBXBuildFile; fileRef = C6F694041BC4CF2D00D73D12 /* ZHUtilities.m */; };
		C6F6940E1BC59BB300D73D12 /* ZHModeTableViewController.m in Sources */ = {isa = PBXBuildFile; fileRef = C6F6940D1BC59BB300D73D12 /* ZHModeTableViewController.m */; };
		C6F694121BC5A6CB00D73D12 /* ZHSignalManager.m in Sources */ = {isa = PBXBuildFile; fileRef = C6F694111BC5A6CB00D73D12 /* ZHSignalManager.m */; };
		CF1D18301BC5CF2000631283 /* VWWBLEController.m in Sources */ = {isa = PBXBuildFile; fileRef = CF1D182F1BC5CF2000631283 /* VWWBLEController.m */; };
		CF1D18351BC5CF3600631283 /* BLE.m in Sources */ = {isa = PBXBuildFile; fileRef = CF1D18331BC5CF3600631283 /* BLE.m */; };
		CF1D18441BC5D1BE00631283 /* ZHBLEViewController.m in Sources */ = {isa = PBXBuildFile; fileRef = CF1D18431BC5D1BE00631283 /* ZHBLEViewController.m */; };
		CF1D18491BC5D2B900631283 /* MBProgressHUD.m in Sources */ = {isa = PBXBuildFile; fileRef = CF1D18481BC5D2B900631283 /* MBProgressHUD.m */; };
/* End PBXBuildFile section */

/* Begin PBXFileReference section */
		C6F693C91BC4CBC500D73D12 /* ZHTaranis.app */ = {isa = PBXFileReference; explicitFileType = wrapper.application; includeInIndex = 0; path = ZHTaranis.app; sourceTree = BUILT_PRODUCTS_DIR; };
		C6F693CD1BC4CBC500D73D12 /* main.m */ = {isa = PBXFileReference; lastKnownFileType = sourcecode.c.objc; path = main.m; sourceTree = "<group>"; };
		C6F693CF1BC4CBC500D73D12 /* AppDelegate.h */ = {isa = PBXFileReference; lastKnownFileType = sourcecode.c.h; path = AppDelegate.h; sourceTree = "<group>"; };
		C6F693D01BC4CBC500D73D12 /* AppDelegate.m */ = {isa = PBXFileReference; lastKnownFileType = sourcecode.c.objc; path = AppDelegate.m; sourceTree = "<group>"; };
		C6F693D61BC4CBC500D73D12 /* Base */ = {isa = PBXFileReference; lastKnownFileType = file.storyboard; name = Base; path = Base.lproj/Main.storyboard; sourceTree = "<group>"; };
		C6F693D81BC4CBC500D73D12 /* Assets.xcassets */ = {isa = PBXFileReference; lastKnownFileType = folder.assetcatalog; path = Assets.xcassets; sourceTree = "<group>"; };
		C6F693DB1BC4CBC500D73D12 /* Base */ = {isa = PBXFileReference; lastKnownFileType = file.storyboard; name = Base; path = Base.lproj/LaunchScreen.storyboard; sourceTree = "<group>"; };
		C6F693DD1BC4CBC500D73D12 /* Info.plist */ = {isa = PBXFileReference; lastKnownFileType = text.plist.xml; path = Info.plist; sourceTree = "<group>"; };
		C6F693E31BC4CC4500D73D12 /* ZHTouchViewController.h */ = {isa = PBXFileReference; fileEncoding = 4; lastKnownFileType = sourcecode.c.h; path = ZHTouchViewController.h; sourceTree = "<group>"; };
		C6F693E41BC4CC4500D73D12 /* ZHTouchViewController.m */ = {isa = PBXFileReference; fileEncoding = 4; lastKnownFileType = sourcecode.c.objc; path = ZHTouchViewController.m; sourceTree = "<group>"; };
		C6F693E61BC4CC5400D73D12 /* ZHMotionViewController.h */ = {isa = PBXFileReference; fileEncoding = 4; lastKnownFileType = sourcecode.c.h; path = ZHMotionViewController.h; sourceTree = "<group>"; };
		C6F693E71BC4CC5400D73D12 /* ZHMotionViewController.m */ = {isa = PBXFileReference; fileEncoding = 4; lastKnownFileType = sourcecode.c.objc; path = ZHMotionViewController.m; sourceTree = "<group>"; };
		C6F693EE1BC4CDA100D73D12 /* SKScene+Unarchive.h */ = {isa = PBXFileReference; fileEncoding = 4; lastKnownFileType = sourcecode.c.h; path = "SKScene+Unarchive.h"; sourceTree = "<group>"; };
		C6F693EF1BC4CDA100D73D12 /* SKScene+Unarchive.m */ = {isa = PBXFileReference; fileEncoding = 4; lastKnownFileType = sourcecode.c.objc; path = "SKScene+Unarchive.m"; sourceTree = "<group>"; };
		C6F693F71BC4CE9600D73D12 /* ZHTouchScene.h */ = {isa = PBXFileReference; fileEncoding = 4; lastKnownFileType = sourcecode.c.h; path = ZHTouchScene.h; sourceTree = "<group>"; };
		C6F693F81BC4CE9600D73D12 /* ZHTouchScene.m */ = {isa = PBXFileReference; fileEncoding = 4; lastKnownFileType = sourcecode.c.objc; path = ZHTouchScene.m; sourceTree = "<group>"; };
		C6F693F91BC4CE9600D73D12 /* ZHTouchScene.sks */ = {isa = PBXFileReference; lastKnownFileType = file.sks; path = ZHTouchScene.sks; sourceTree = "<group>"; };
		C6F693FA1BC4CE9600D73D12 /* ZHSparkEmitter.sks */ = {isa = PBXFileReference; lastKnownFileType = file.sks; path = ZHSparkEmitter.sks; sourceTree = "<group>"; };
		C6F693FB1BC4CE9600D73D12 /* spark.png */ = {isa = PBXFileReference; lastKnownFileType = image.png; path = spark.png; sourceTree = "<group>"; };
		C6F693FC1BC4CE9600D73D12 /* ZHTrailEmitter.sks */ = {isa = PBXFileReference; lastKnownFileType = file.sks; path = ZHTrailEmitter.sks; sourceTree = "<group>"; };
		C6F694031BC4CF2D00D73D12 /* ZHUtilities.h */ = {isa = PBXFileReference; fileEncoding = 4; lastKnownFileType = sourcecode.c.h; path = ZHUtilities.h; sourceTree = "<group>"; };
		C6F694041BC4CF2D00D73D12 /* ZHUtilities.m */ = {isa = PBXFileReference; fileEncoding = 4; lastKnownFileType = sourcecode.c.objc; path = ZHUtilities.m; sourceTree = "<group>"; };
		C6F6940C1BC59BB300D73D12 /* ZHModeTableViewController.h */ = {isa = PBXFileReference; fileEncoding = 4; lastKnownFileType = sourcecode.c.h; path = ZHModeTableViewController.h; sourceTree = "<group>"; };
		C6F6940D1BC59BB300D73D12 /* ZHModeTableViewController.m */ = {isa = PBXFileReference; fileEncoding = 4; lastKnownFileType = sourcecode.c.objc; path = ZHModeTableViewController.m; sourceTree = "<group>"; };
		C6F694101BC5A6CB00D73D12 /* ZHSignalManager.h */ = {isa = PBXFileReference; fileEncoding = 4; lastKnownFileType = sourcecode.c.h; path = ZHSignalManager.h; sourceTree = "<group>"; };
		C6F694111BC5A6CB00D73D12 /* ZHSignalManager.m */ = {isa = PBXFileReference; fileEncoding = 4; lastKnownFileType = sourcecode.c.objc; path = ZHSignalManager.m; sourceTree = "<group>"; };
		CF1D182C1BC5ACD500631283 /* ZHTaranis_sketch.ino */ = {isa = PBXFileReference; explicitFileType = sourcecode.cpp.cpp; fileEncoding = 4; path = ZHTaranis_sketch.ino; sourceTree = "<group>"; };
		CF1D182E1BC5CF2000631283 /* VWWBLEController.h */ = {isa = PBXFileReference; fileEncoding = 4; lastKnownFileType = sourcecode.c.h; path = VWWBLEController.h; sourceTree = "<group>"; };
		CF1D182F1BC5CF2000631283 /* VWWBLEController.m */ = {isa = PBXFileReference; fileEncoding = 4; lastKnownFileType = sourcecode.c.objc; path = VWWBLEController.m; sourceTree = "<group>"; };
		CF1D18321BC5CF3600631283 /* BLE.h */ = {isa = PBXFileReference; fileEncoding = 4; lastKnownFileType = sourcecode.c.h; path = BLE.h; sourceTree = "<group>"; };
		CF1D18331BC5CF3600631283 /* BLE.m */ = {isa = PBXFileReference; fileEncoding = 4; lastKnownFileType = sourcecode.c.objc; path = BLE.m; sourceTree = "<group>"; };
		CF1D18341BC5CF3600631283 /* BLEDefines.h */ = {isa = PBXFileReference; fileEncoding = 4; lastKnownFileType = sourcecode.c.h; path = BLEDefines.h; sourceTree = "<group>"; };
		CF1D183E1BC5D0A800631283 /* ZHDefines.h */ = {isa = PBXFileReference; lastKnownFileType = sourcecode.c.h; path = ZHDefines.h; sourceTree = "<group>"; };
		CF1D18421BC5D1BE00631283 /* ZHBLEViewController.h */ = {isa = PBXFileReference; fileEncoding = 4; lastKnownFileType = sourcecode.c.h; path = ZHBLEViewController.h; sourceTree = "<group>"; };
		CF1D18431BC5D1BE00631283 /* ZHBLEViewController.m */ = {isa = PBXFileReference; fileEncoding = 4; lastKnownFileType = sourcecode.c.objc; path = ZHBLEViewController.m; sourceTree = "<group>"; };
		CF1D18471BC5D2B900631283 /* MBProgressHUD.h */ = {isa = PBXFileReference; fileEncoding = 4; lastKnownFileType = sourcecode.c.h; path = MBProgressHUD.h; sourceTree = "<group>"; };
		CF1D18481BC5D2B900631283 /* MBProgressHUD.m */ = {isa = PBXFileReference; fileEncoding = 4; lastKnownFileType = sourcecode.c.objc; path = MBProgressHUD.m; sourceTree = "<group>"; };
/* End PBXFileReference section */

/* Begin PBXFrameworksBuildPhase section */
		C6F693C61BC4CBC500D73D12 /* Frameworks */ = {
			isa = PBXFrameworksBuildPhase;
			buildActionMask = 2147483647;
			files = (
			);
			runOnlyForDeploymentPostprocessing = 0;
		};
/* End PBXFrameworksBuildPhase section */

/* Begin PBXGroup section */
		C6F693C01BC4CBC500D73D12 = {
			isa = PBXGroup;
			children = (
				CF1D182B1BC5ACD500631283 /* ZHTaranis_sketch */,
				C6F693CB1BC4CBC500D73D12 /* ZHTaranis */,
				C6F693CA1BC4CBC500D73D12 /* Products */,
			);
			sourceTree = "<group>";
		};
		C6F693CA1BC4CBC500D73D12 /* Products */ = {
			isa = PBXGroup;
			children = (
				C6F693C91BC4CBC500D73D12 /* ZHTaranis.app */,
			);
			name = Products;
			sourceTree = "<group>";
		};
		C6F693CB1BC4CBC500D73D12 /* ZHTaranis */ = {
			isa = PBXGroup;
			children = (
				C6F693F61BC4CDEB00D73D12 /* Categories */,
				CF1D18371BC5CF4A00631283 /* Controllers */,
				CF1D18411BC5D18A00631283 /* Include */,
				C6F693CC1BC4CBC500D73D12 /* Supporting Files */,
				CF1D184A1BC5D2BC00631283 /* ThirdParty */,
				CF1D18401BC5D17D00631283 /* UserInterface */,
				C6F694061BC4CF3100D73D12 /* Utilities */,
				CF1D183F1BC5D16A00631283 /* ViewControllers */,
			);
			path = ZHTaranis;
			sourceTree = "<group>";
		};
		C6F693CC1BC4CBC500D73D12 /* Supporting Files */ = {
			isa = PBXGroup;
			children = (
				C6F693CF1BC4CBC500D73D12 /* AppDelegate.h */,
				C6F693D01BC4CBC500D73D12 /* AppDelegate.m */,
				C6F693DD1BC4CBC500D73D12 /* Info.plist */,
				C6F693CD1BC4CBC500D73D12 /* main.m */,
			);
			name = "Supporting Files";
			sourceTree = "<group>";
		};
		C6F693E91BC4CC9300D73D12 /* Touch */ = {
			isa = PBXGroup;
			children = (
				C6F693E31BC4CC4500D73D12 /* ZHTouchViewController.h */,
				C6F693E41BC4CC4500D73D12 /* ZHTouchViewController.m */,
				C6F694021BC4CE9B00D73D12 /* Sprite */,
			);
			name = Touch;
			sourceTree = "<group>";
		};
		C6F693EA1BC4CC9800D73D12 /* Motion */ = {
			isa = PBXGroup;
			children = (
				C6F693E61BC4CC5400D73D12 /* ZHMotionViewController.h */,
				C6F693E71BC4CC5400D73D12 /* ZHMotionViewController.m */,
			);
			name = Motion;
			sourceTree = "<group>";
		};
		C6F693F61BC4CDEB00D73D12 /* Categories */ = {
			isa = PBXGroup;
			children = (
				C6F693EE1BC4CDA100D73D12 /* SKScene+Unarchive.h */,
				C6F693EF1BC4CDA100D73D12 /* SKScene+Unarchive.m */,
			);
			name = Categories;
			sourceTree = "<group>";
		};
		C6F694021BC4CE9B00D73D12 /* Sprite */ = {
			isa = PBXGroup;
			children = (
				C6F693F71BC4CE9600D73D12 /* ZHTouchScene.h */,
				C6F693F81BC4CE9600D73D12 /* ZHTouchScene.m */,
				C6F693F91BC4CE9600D73D12 /* ZHTouchScene.sks */,
				C6F693FA1BC4CE9600D73D12 /* ZHSparkEmitter.sks */,
				C6F693FB1BC4CE9600D73D12 /* spark.png */,
				C6F693FC1BC4CE9600D73D12 /* ZHTrailEmitter.sks */,
			);
			name = Sprite;
			sourceTree = "<group>";
		};
		C6F694061BC4CF3100D73D12 /* Utilities */ = {
			isa = PBXGroup;
			children = (
				C6F694031BC4CF2D00D73D12 /* ZHUtilities.h */,
				C6F694041BC4CF2D00D73D12 /* ZHUtilities.m */,
			);
			name = Utilities;
			sourceTree = "<group>";
		};
		C6F6940F1BC59BBF00D73D12 /* Mode */ = {
			isa = PBXGroup;
			children = (
				C6F6940C1BC59BB300D73D12 /* ZHModeTableViewController.h */,
				C6F6940D1BC59BB300D73D12 /* ZHModeTableViewController.m */,
			);
			name = Mode;
			sourceTree = "<group>";
		};
		CF1D182B1BC5ACD500631283 /* ZHTaranis_sketch */ = {
			isa = PBXGroup;
			children = (
				CF1D182C1BC5ACD500631283 /* ZHTaranis_sketch.ino */,
			);
			path = ZHTaranis_sketch;
			sourceTree = "<group>";
		};
		CF1D18311BC5CF3600631283 /* BLE */ = {
			isa = PBXGroup;
			children = (
				CF1D18321BC5CF3600631283 /* BLE.h */,
				CF1D18331BC5CF3600631283 /* BLE.m */,
				CF1D18341BC5CF3600631283 /* BLEDefines.h */,
			);
			path = BLE;
			sourceTree = "<group>";
		};
		CF1D18361BC5CF3A00631283 /* Bluetooth */ = {
			isa = PBXGroup;
			children = (
				CF1D18311BC5CF3600631283 /* BLE */,
				CF1D182E1BC5CF2000631283 /* VWWBLEController.h */,
				CF1D182F1BC5CF2000631283 /* VWWBLEController.m */,
			);
			name = Bluetooth;
			sourceTree = "<group>";
		};
		CF1D18371BC5CF4A00631283 /* Controllers */ = {
			isa = PBXGroup;
			children = (
				CF1D18381BC5CF5D00631283 /* ZHSignalManager */,
				CF1D18361BC5CF3A00631283 /* Bluetooth */,
			);
			name = Controllers;
			sourceTree = "<group>";
		};
		CF1D18381BC5CF5D00631283 /* ZHSignalManager */ = {
			isa = PBXGroup;
			children = (
				C6F694101BC5A6CB00D73D12 /* ZHSignalManager.h */,
				C6F694111BC5A6CB00D73D12 /* ZHSignalManager.m */,
			);
			name = ZHSignalManager;
			sourceTree = "<group>";
		};
		CF1D183F1BC5D16A00631283 /* ViewControllers */ = {
			isa = PBXGroup;
			children = (
				C6F693E91BC4CC9300D73D12 /* Touch */,
				C6F693EA1BC4CC9800D73D12 /* Motion */,
				C6F6940F1BC59BBF00D73D12 /* Mode */,
				CF1D18451BC5D1C100631283 /* BLE */,
			);
			name = ViewControllers;
			sourceTree = "<group>";
		};
		CF1D18401BC5D17D00631283 /* UserInterface */ = {
			isa = PBXGroup;
			children = (
				C6F693D51BC4CBC500D73D12 /* Main.storyboard */,
				C6F693D81BC4CBC500D73D12 /* Assets.xcassets */,
				C6F693DA1BC4CBC500D73D12 /* LaunchScreen.storyboard */,
			);
			name = UserInterface;
			sourceTree = "<group>";
		};
		CF1D18411BC5D18A00631283 /* Include */ = {
			isa = PBXGroup;
			children = (
				CF1D183E1BC5D0A800631283 /* ZHDefines.h */,
			);
			name = Include;
			sourceTree = "<group>";
		};
		CF1D18451BC5D1C100631283 /* BLE */ = {
			isa = PBXGroup;
			children = (
				CF1D18421BC5D1BE00631283 /* ZHBLEViewController.h */,
				CF1D18431BC5D1BE00631283 /* ZHBLEViewController.m */,
			);
			name = BLE;
			sourceTree = "<group>";
		};
		CF1D18461BC5D2B900631283 /* MBProgressHUD */ = {
			isa = PBXGroup;
			children = (
				CF1D18471BC5D2B900631283 /* MBProgressHUD.h */,
				CF1D18481BC5D2B900631283 /* MBProgressHUD.m */,
			);
			path = MBProgressHUD;
			sourceTree = "<group>";
		};
		CF1D184A1BC5D2BC00631283 /* ThirdParty */ = {
			isa = PBXGroup;
			children = (
				CF1D18461BC5D2B900631283 /* MBProgressHUD */,
			);
			name = ThirdParty;
			sourceTree = "<group>";
		};
/* End PBXGroup section */

/* Begin PBXNativeTarget section */
		C6F693C81BC4CBC500D73D12 /* ZHTaranis */ = {
			isa = PBXNativeTarget;
			buildConfigurationList = C6F693E01BC4CBC500D73D12 /* Build configuration list for PBXNativeTarget "ZHTaranis" */;
			buildPhases = (
				C6F693C51BC4CBC500D73D12 /* Sources */,
				C6F693C61BC4CBC500D73D12 /* Frameworks */,
				C6F693C71BC4CBC500D73D12 /* Resources */,
			);
			buildRules = (
			);
			dependencies = (
			);
			name = ZHTaranis;
			productName = ZHTaranis;
			productReference = C6F693C91BC4CBC500D73D12 /* ZHTaranis.app */;
			productType = "com.apple.product-type.application";
		};
/* End PBXNativeTarget section */

/* Begin PBXProject section */
		C6F693C11BC4CBC500D73D12 /* Project object */ = {
			isa = PBXProject;
			attributes = {
				LastUpgradeCheck = 0710;
				ORGANIZATIONNAME = "Zakk Hoyt";
				TargetAttributes = {
					C6F693C81BC4CBC500D73D12 = {
						CreatedOnToolsVersion = 7.1;
					};
				};
			};
			buildConfigurationList = C6F693C41BC4CBC500D73D12 /* Build configuration list for PBXProject "ZHTaranis" */;
			compatibilityVersion = "Xcode 3.2";
			developmentRegion = English;
			hasScannedForEncodings = 0;
			knownRegions = (
				en,
				Base,
			);
			mainGroup = C6F693C01BC4CBC500D73D12;
			productRefGroup = C6F693CA1BC4CBC500D73D12 /* Products */;
			projectDirPath = "";
			projectRoot = "";
			targets = (
				C6F693C81BC4CBC500D73D12 /* ZHTaranis */,
			);
		};
/* End PBXProject section */

/* Begin PBXResourcesBuildPhase section */
		C6F693C71BC4CBC500D73D12 /* Resources */ = {
			isa = PBXResourcesBuildPhase;
			buildActionMask = 2147483647;
			files = (
				C6F693DC1BC4CBC500D73D12 /* LaunchScreen.storyboard in Resources */,
				C6F694011BC4CE9600D73D12 /* ZHTrailEmitter.sks in Resources */,
				C6F694001BC4CE9600D73D12 /* spark.png in Resources */,
				C6F693D91BC4CBC500D73D12 /* Assets.xcassets in Resources */,
				C6F693FE1BC4CE9600D73D12 /* ZHTouchScene.sks in Resources */,
				C6F693D71BC4CBC500D73D12 /* Main.storyboard in Resources */,
				C6F693FF1BC4CE9600D73D12 /* ZHSparkEmitter.sks in Resources */,
			);
			runOnlyForDeploymentPostprocessing = 0;
		};
/* End PBXResourcesBuildPhase section */

/* Begin PBXSourcesBuildPhase section */
		C6F693C51BC4CBC500D73D12 /* Sources */ = {
			isa = PBXSourcesBuildPhase;
			buildActionMask = 2147483647;
			files = (
				CF1D18351BC5CF3600631283 /* BLE.m in Sources */,
				CF1D18301BC5CF2000631283 /* VWWBLEController.m in Sources */,
				C6F693E51BC4CC4500D73D12 /* ZHTouchViewController.m in Sources */,
				C6F693F01BC4CDA100D73D12 /* SKScene+Unarchive.m in Sources */,
				C6F693D11BC4CBC500D73D12 /* AppDelegate.m in Sources */,
				C6F693FD1BC4CE9600D73D12 /* ZHTouchScene.m in Sources */,
				C6F6940E1BC59BB300D73D12 /* ZHModeTableViewController.m in Sources */,
				C6F694051BC4CF2D00D73D12 /* ZHUtilities.m in Sources */,
				CF1D18441BC5D1BE00631283 /* ZHBLEViewController.m in Sources */,
				CF1D18491BC5D2B900631283 /* MBProgressHUD.m in Sources */,
				C6F693E81BC4CC5400D73D12 /* ZHMotionViewController.m in Sources */,
				C6F693CE1BC4CBC500D73D12 /* main.m in Sources */,
				C6F694121BC5A6CB00D73D12 /* ZHSignalManager.m in Sources */,
			);
			runOnlyForDeploymentPostprocessing = 0;
		};
/* End PBXSourcesBuildPhase section */

/* Begin PBXVariantGroup section */
		C6F693D51BC4CBC500D73D12 /* Main.storyboard */ = {
			isa = PBXVariantGroup;
			children = (
				C6F693D61BC4CBC500D73D12 /* Base */,
			);
			name = Main.storyboard;
			sourceTree = "<group>";
		};
		C6F693DA1BC4CBC500D73D12 /* LaunchScreen.storyboard */ = {
			isa = PBXVariantGroup;
			children = (
				C6F693DB1BC4CBC500D73D12 /* Base */,
			);
			name = LaunchScreen.storyboard;
			sourceTree = "<group>";
		};
/* End PBXVariantGroup section */

/* Begin XCBuildConfiguration section */
		C6F693DE1BC4CBC500D73D12 /* Debug */ = {
			isa = XCBuildConfiguration;
			buildSettings = {
				ALWAYS_SEARCH_USER_PATHS = NO;
				CLANG_CXX_LANGUAGE_STANDARD = "gnu++0x";
				CLANG_CXX_LIBRARY = "libc++";
				CLANG_ENABLE_MODULES = YES;
				CLANG_ENABLE_OBJC_ARC = YES;
				CLANG_WARN_BOOL_CONVERSION = YES;
				CLANG_WARN_CONSTANT_CONVERSION = YES;
				CLANG_WARN_DIRECT_OBJC_ISA_USAGE = YES_ERROR;
				CLANG_WARN_EMPTY_BODY = YES;
				CLANG_WARN_ENUM_CONVERSION = YES;
				CLANG_WARN_INT_CONVERSION = YES;
				CLANG_WARN_OBJC_ROOT_CLASS = YES_ERROR;
				CLANG_WARN_UNREACHABLE_CODE = YES;
				CLANG_WARN__DUPLICATE_METHOD_MATCH = YES;
				"CODE_SIGN_IDENTITY[sdk=iphoneos*]" = "iPhone Developer";
				COPY_PHASE_STRIP = NO;
				DEBUG_INFORMATION_FORMAT = dwarf;
				ENABLE_STRICT_OBJC_MSGSEND = YES;
				ENABLE_TESTABILITY = YES;
				GCC_C_LANGUAGE_STANDARD = gnu99;
				GCC_DYNAMIC_NO_PIC = NO;
				GCC_NO_COMMON_BLOCKS = YES;
				GCC_OPTIMIZATION_LEVEL = 0;
				GCC_PREPROCESSOR_DEFINITIONS = (
					"DEBUG=1",
					"$(inherited)",
				);
				GCC_WARN_64_TO_32_BIT_CONVERSION = YES;
				GCC_WARN_ABOUT_RETURN_TYPE = YES_ERROR;
				GCC_WARN_UNDECLARED_SELECTOR = YES;
				GCC_WARN_UNINITIALIZED_AUTOS = YES_AGGRESSIVE;
				GCC_WARN_UNUSED_FUNCTION = YES;
				GCC_WARN_UNUSED_VARIABLE = YES;
				IPHONEOS_DEPLOYMENT_TARGET = 9.1;
				MTL_ENABLE_DEBUG_INFO = YES;
				ONLY_ACTIVE_ARCH = YES;
				SDKROOT = iphoneos;
				TARGETED_DEVICE_FAMILY = "1,2";
			};
			name = Debug;
		};
		C6F693DF1BC4CBC500D73D12 /* Release */ = {
			isa = XCBuildConfiguration;
			buildSettings = {
				ALWAYS_SEARCH_USER_PATHS = NO;
				CLANG_CXX_LANGUAGE_STANDARD = "gnu++0x";
				CLANG_CXX_LIBRARY = "libc++";
				CLANG_ENABLE_MODULES = YES;
				CLANG_ENABLE_OBJC_ARC = YES;
				CLANG_WARN_BOOL_CONVERSION = YES;
				CLANG_WARN_CONSTANT_CONVERSION = YES;
				CLANG_WARN_DIRECT_OBJC_ISA_USAGE = YES_ERROR;
				CLANG_WARN_EMPTY_BODY = YES;
				CLANG_WARN_ENUM_CONVERSION = YES;
				CLANG_WARN_INT_CONVERSION = YES;
				CLANG_WARN_OBJC_ROOT_CLASS = YES_ERROR;
				CLANG_WARN_UNREACHABLE_CODE = YES;
				CLANG_WARN__DUPLICATE_METHOD_MATCH = YES;
				"CODE_SIGN_IDENTITY[sdk=iphoneos*]" = "iPhone Developer";
				COPY_PHASE_STRIP = NO;
				DEBUG_INFORMATION_FORMAT = "dwarf-with-dsym";
				ENABLE_NS_ASSERTIONS = NO;
				ENABLE_STRICT_OBJC_MSGSEND = YES;
				GCC_C_LANGUAGE_STANDARD = gnu99;
				GCC_NO_COMMON_BLOCKS = YES;
				GCC_WARN_64_TO_32_BIT_CONVERSION = YES;
				GCC_WARN_ABOUT_RETURN_TYPE = YES_ERROR;
				GCC_WARN_UNDECLARED_SELECTOR = YES;
				GCC_WARN_UNINITIALIZED_AUTOS = YES_AGGRESSIVE;
				GCC_WARN_UNUSED_FUNCTION = YES;
				GCC_WARN_UNUSED_VARIABLE = YES;
				IPHONEOS_DEPLOYMENT_TARGET = 9.1;
				MTL_ENABLE_DEBUG_INFO = NO;
				SDKROOT = iphoneos;
				TARGETED_DEVICE_FAMILY = "1,2";
				VALIDATE_PRODUCT = YES;
			};
			name = Release;
		};
		C6F693E11BC4CBC500D73D12 /* Debug */ = {
			isa = XCBuildConfiguration;
			buildSettings = {
				ASSETCATALOG_COMPILER_APPICON_NAME = AppIcon;
				INFOPLIST_FILE = ZHTaranis/Info.plist;
				LD_RUNPATH_SEARCH_PATHS = "$(inherited) @executable_path/Frameworks";
				PRODUCT_BUNDLE_IDENTIFIER = com.vaporwarewolf.ZHTaranis;
				PRODUCT_NAME = "$(TARGET_NAME)";
			};
			name = Debug;
		};
		C6F693E21BC4CBC500D73D12 /* Release */ = {
			isa = XCBuildConfiguration;
			buildSettings = {
				ASSETCATALOG_COMPILER_APPICON_NAME = AppIcon;
				INFOPLIST_FILE = ZHTaranis/Info.plist;
				LD_RUNPATH_SEARCH_PATHS = "$(inherited) @executable_path/Frameworks";
				PRODUCT_BUNDLE_IDENTIFIER = com.vaporwarewolf.ZHTaranis;
				PRODUCT_NAME = "$(TARGET_NAME)";
			};
			name = Release;
		};
/* End XCBuildConfiguration section */

/* Begin XCConfigurationList section */
		C6F693C41BC4CBC500D73D12 /* Build configuration list for PBXProject "ZHTaranis" */ = {
			isa = XCConfigurationList;
			buildConfigurations = (
				C6F693DE1BC4CBC500D73D12 /* Debug */,
				C6F693DF1BC4CBC500D73D12 /* Release */,
			);
			defaultConfigurationIsVisible = 0;
			defaultConfigurationName = Release;
		};
		C6F693E01BC4CBC500D73D12 /* Build configuration list for PBXNativeTarget "ZHTaranis" */ = {
			isa = XCConfigurationList;
			buildConfigurations = (
				C6F693E11BC4CBC500D73D12 /* Debug */,
				C6F693E21BC4CBC500D73D12 /* Release */,
			);
			defaultConfigurationIsVisible = 0;
			defaultConfigurationName = Release;
		};
/* End XCConfigurationList section */
	};
	rootObject = C6F693C11BC4CBC500D73D12 /* Project object */;
}
